// !$*UTF8*$!
{
	archiveVersion = 1;
	classes = {
	};
	objectVersion = 46;
	objects = {

/* Begin PBXBuildFile section */
		E64210C01E8388FC007EA933 /* iflyMSC.framework in Frameworks */ = {isa = PBXBuildFile; fileRef = E6F270251E7D915800127FD7 /* iflyMSC.framework */; };
		E6470EDA1E7FD42800F14B26 /* demoController.swift in Sources */ = {isa = PBXBuildFile; fileRef = E6470ED91E7FD42800F14B26 /* demoController.swift */; };
		E6F270181E7D74A200127FD7 /* libSunFlower.a in Frameworks */ = {isa = PBXBuildFile; fileRef = E6FE17D91E7BF5CB006705EE /* libSunFlower.a */; };
		E6F270191E7D75A700127FD7 /* SystemConfiguration.framework in Frameworks */ = {isa = PBXBuildFile; fileRef = E6FE17E31E7BF655006705EE /* SystemConfiguration.framework */; };
		E6F2701B1E7D75C100127FD7 /* libz.tbd in Frameworks */ = {isa = PBXBuildFile; fileRef = E6F2701A1E7D75C100127FD7 /* libz.tbd */; };
		E6F270281E7D935E00127FD7 /* Contacts.framework in Frameworks */ = {isa = PBXBuildFile; fileRef = E6F270271E7D935E00127FD7 /* Contacts.framework */; };
		E6F2702A1E7D937B00127FD7 /* AVFoundation.framework in Frameworks */ = {isa = PBXBuildFile; fileRef = E6F270291E7D937B00127FD7 /* AVFoundation.framework */; };
		E6F2702C1E7D938D00127FD7 /* AddressBook.framework in Frameworks */ = {isa = PBXBuildFile; fileRef = E6F2702B1E7D938D00127FD7 /* AddressBook.framework */; };
		E6F2702E1E7D93A000127FD7 /* AudioToolbox.framework in Frameworks */ = {isa = PBXBuildFile; fileRef = E6F2702D1E7D93A000127FD7 /* AudioToolbox.framework */; };
		E6F270301E7D93BD00127FD7 /* QuartzCore.framework in Frameworks */ = {isa = PBXBuildFile; fileRef = E6F2702F1E7D93BD00127FD7 /* QuartzCore.framework */; };
		E6F270321E7D93CB00127FD7 /* UIKit.framework in Frameworks */ = {isa = PBXBuildFile; fileRef = E6F270311E7D93CB00127FD7 /* UIKit.framework */; };
		E6F270341E7D93DB00127FD7 /* Foundation.framework in Frameworks */ = {isa = PBXBuildFile; fileRef = E6F270331E7D93DB00127FD7 /* Foundation.framework */; };
		E6F270361E7D93ED00127FD7 /* CoreGraphics.framework in Frameworks */ = {isa = PBXBuildFile; fileRef = E6F270351E7D93ED00127FD7 /* CoreGraphics.framework */; };
		E6F8A8D31E7EB5B600FA15E6 /* TrackingHelper.swift in Sources */ = {isa = PBXBuildFile; fileRef = E6F8A8D21E7EB5B600FA15E6 /* TrackingHelper.swift */; };
		E6F8A8D51E7EB82000FA15E6 /* SpeechHelper.swift in Sources */ = {isa = PBXBuildFile; fileRef = E6F8A8D41E7EB82000FA15E6 /* SpeechHelper.swift */; };
		E6FE17C31E7BF359006705EE /* AppDelegate.swift in Sources */ = {isa = PBXBuildFile; fileRef = E6FE17C21E7BF359006705EE /* AppDelegate.swift */; };
		E6FE17CA1E7BF359006705EE /* Assets.xcassets in Resources */ = {isa = PBXBuildFile; fileRef = E6FE17C91E7BF359006705EE /* Assets.xcassets */; };
		E6FE17CD1E7BF359006705EE /* LaunchScreen.storyboard in Resources */ = {isa = PBXBuildFile; fileRef = E6FE17CB1E7BF359006705EE /* LaunchScreen.storyboard */; };
		E6FE17DD1E7BF607006705EE /* CoreTelephony.framework in Frameworks */ = {isa = PBXBuildFile; fileRef = E6FE17DC1E7BF607006705EE /* CoreTelephony.framework */; };
		E6FE17DF1E7BF615006705EE /* CoreLocation.framework in Frameworks */ = {isa = PBXBuildFile; fileRef = E6FE17DE1E7BF615006705EE /* CoreLocation.framework */; };
/* End PBXBuildFile section */

/* Begin PBXFileReference section */
		E6470ED91E7FD42800F14B26 /* demoController.swift */ = {isa = PBXFileReference; fileEncoding = 4; lastKnownFileType = sourcecode.swift; path = demoController.swift; sourceTree = "<group>"; };
		E6F2701A1E7D75C100127FD7 /* libz.tbd */ = {isa = PBXFileReference; lastKnownFileType = "sourcecode.text-based-dylib-definition"; name = libz.tbd; path = usr/lib/libz.tbd; sourceTree = SDKROOT; };
		E6F2701C1E7D8C6800127FD7 /* iflyMSC.framework */ = {isa = PBXFileReference; lastKnownFileType = wrapper.framework; name = iflyMSC.framework; path = "../../iOS_voice_1154_58cbba9d (1)/lib/iflyMSC.framework"; sourceTree = "<group>"; };
		E6F2701E1E7D8CA700127FD7 /* libc++.tbd */ = {isa = PBXFileReference; lastKnownFileType = "sourcecode.text-based-dylib-definition"; name = "libc++.tbd"; path = "usr/lib/libc++.tbd"; sourceTree = SDKROOT; };
		E6F270251E7D915800127FD7 /* iflyMSC.framework */ = {isa = PBXFileReference; lastKnownFileType = wrapper.framework; path = iflyMSC.framework; sourceTree = "<group>"; };
		E6F270271E7D935E00127FD7 /* Contacts.framework */ = {isa = PBXFileReference; lastKnownFileType = wrapper.framework; name = Contacts.framework; path = System/Library/Frameworks/Contacts.framework; sourceTree = SDKROOT; };
		E6F270291E7D937B00127FD7 /* AVFoundation.framework */ = {isa = PBXFileReference; lastKnownFileType = wrapper.framework; name = AVFoundation.framework; path = System/Library/Frameworks/AVFoundation.framework; sourceTree = SDKROOT; };
		E6F2702B1E7D938D00127FD7 /* AddressBook.framework */ = {isa = PBXFileReference; lastKnownFileType = wrapper.framework; name = AddressBook.framework; path = System/Library/Frameworks/AddressBook.framework; sourceTree = SDKROOT; };
		E6F2702D1E7D93A000127FD7 /* AudioToolbox.framework */ = {isa = PBXFileReference; lastKnownFileType = wrapper.framework; name = AudioToolbox.framework; path = System/Library/Frameworks/AudioToolbox.framework; sourceTree = SDKROOT; };
		E6F2702F1E7D93BD00127FD7 /* QuartzCore.framework */ = {isa = PBXFileReference; lastKnownFileType = wrapper.framework; name = QuartzCore.framework; path = System/Library/Frameworks/QuartzCore.framework; sourceTree = SDKROOT; };
		E6F270311E7D93CB00127FD7 /* UIKit.framework */ = {isa = PBXFileReference; lastKnownFileType = wrapper.framework; name = UIKit.framework; path = System/Library/Frameworks/UIKit.framework; sourceTree = SDKROOT; };
		E6F270331E7D93DB00127FD7 /* Foundation.framework */ = {isa = PBXFileReference; lastKnownFileType = wrapper.framework; name = Foundation.framework; path = System/Library/Frameworks/Foundation.framework; sourceTree = SDKROOT; };
		E6F270351E7D93ED00127FD7 /* CoreGraphics.framework */ = {isa = PBXFileReference; lastKnownFileType = wrapper.framework; name = CoreGraphics.framework; path = System/Library/Frameworks/CoreGraphics.framework; sourceTree = SDKROOT; };
		E6F8A8D21E7EB5B600FA15E6 /* TrackingHelper.swift */ = {isa = PBXFileReference; fileEncoding = 4; lastKnownFileType = sourcecode.swift; path = TrackingHelper.swift; sourceTree = "<group>"; };
		E6F8A8D41E7EB82000FA15E6 /* SpeechHelper.swift */ = {isa = PBXFileReference; fileEncoding = 4; lastKnownFileType = sourcecode.swift; path = SpeechHelper.swift; sourceTree = "<group>"; };
		E6FE17BF1E7BF359006705EE /* hiMen.app */ = {isa = PBXFileReference; explicitFileType = wrapper.application; includeInIndex = 0; path = hiMen.app; sourceTree = BUILT_PRODUCTS_DIR; };
		E6FE17C21E7BF359006705EE /* AppDelegate.swift */ = {isa = PBXFileReference; lastKnownFileType = sourcecode.swift; path = AppDelegate.swift; sourceTree = "<group>"; };
		E6FE17C91E7BF359006705EE /* Assets.xcassets */ = {isa = PBXFileReference; lastKnownFileType = folder.assetcatalog; path = Assets.xcassets; sourceTree = "<group>"; };
		E6FE17CC1E7BF359006705EE /* Base */ = {isa = PBXFileReference; lastKnownFileType = file.storyboard; name = Base; path = Base.lproj/LaunchScreen.storyboard; sourceTree = "<group>"; };
		E6FE17CE1E7BF359006705EE /* Info.plist */ = {isa = PBXFileReference; lastKnownFileType = text.plist.xml; path = Info.plist; sourceTree = "<group>"; };
		E6FE17D81E7BF5CB006705EE /* IFlyFlowerCollector.h */ = {isa = PBXFileReference; fileEncoding = 4; lastKnownFileType = sourcecode.c.h; path = IFlyFlowerCollector.h; sourceTree = "<group>"; };
		E6FE17D91E7BF5CB006705EE /* libSunFlower.a */ = {isa = PBXFileReference; lastKnownFileType = archive.ar; path = libSunFlower.a; sourceTree = "<group>"; };
		E6FE17DC1E7BF607006705EE /* CoreTelephony.framework */ = {isa = PBXFileReference; lastKnownFileType = wrapper.framework; name = CoreTelephony.framework; path = System/Library/Frameworks/CoreTelephony.framework; sourceTree = SDKROOT; };
		E6FE17DE1E7BF615006705EE /* CoreLocation.framework */ = {isa = PBXFileReference; lastKnownFileType = wrapper.framework; name = CoreLocation.framework; path = System/Library/Frameworks/CoreLocation.framework; sourceTree = SDKROOT; };
		E6FE17E01E7BF628006705EE /* libz.1.2.5.tbd */ = {isa = PBXFileReference; lastKnownFileType = "sourcecode.text-based-dylib-definition"; name = libz.1.2.5.tbd; path = usr/lib/libz.1.2.5.tbd; sourceTree = SDKROOT; };
		E6FE17E31E7BF655006705EE /* SystemConfiguration.framework */ = {isa = PBXFileReference; lastKnownFileType = wrapper.framework; name = SystemConfiguration.framework; path = System/Library/Frameworks/SystemConfiguration.framework; sourceTree = SDKROOT; };
		E6FE17E51E7BF6CC006705EE /* hiMen-Bridging-Header.h */ = {isa = PBXFileReference; lastKnownFileType = sourcecode.c.h; path = "hiMen-Bridging-Header.h"; sourceTree = "<group>"; };
		E6FE17E61E7BFC30006705EE /* libz.1.2.8.tbd */ = {isa = PBXFileReference; lastKnownFileType = "sourcecode.text-based-dylib-definition"; name = libz.1.2.8.tbd; path = usr/lib/libz.1.2.8.tbd; sourceTree = SDKROOT; };
/* End PBXFileReference section */

/* Begin PBXFrameworksBuildPhase section */
		E6FE17BC1E7BF359006705EE /* Frameworks */ = {
			isa = PBXFrameworksBuildPhase;
			buildActionMask = 2147483647;
			files = (
				E6F270181E7D74A200127FD7 /* libSunFlower.a in Frameworks */,
				E64210C01E8388FC007EA933 /* iflyMSC.framework in Frameworks */,
				E6F270281E7D935E00127FD7 /* Contacts.framework in Frameworks */,
				E6F2701B1E7D75C100127FD7 /* libz.tbd in Frameworks */,
				E6FE17DF1E7BF615006705EE /* CoreLocation.framework in Frameworks */,
				E6FE17DD1E7BF607006705EE /* CoreTelephony.framework in Frameworks */,
				E6F2702A1E7D937B00127FD7 /* AVFoundation.framework in Frameworks */,
				E6F2702C1E7D938D00127FD7 /* AddressBook.framework in Frameworks */,
				E6F270191E7D75A700127FD7 /* SystemConfiguration.framework in Frameworks */,
				E6F2702E1E7D93A000127FD7 /* AudioToolbox.framework in Frameworks */,
				E6F270301E7D93BD00127FD7 /* QuartzCore.framework in Frameworks */,
				E6F270321E7D93CB00127FD7 /* UIKit.framework in Frameworks */,
				E6F270341E7D93DB00127FD7 /* Foundation.framework in Frameworks */,
				E6F270361E7D93ED00127FD7 /* CoreGraphics.framework in Frameworks */,
			);
			runOnlyForDeploymentPostprocessing = 0;
		};
/* End PBXFrameworksBuildPhase section */

/* Begin PBXGroup section */
		E6F8A8CD1E7EB50500FA15E6 /* Classes */ = {
			isa = PBXGroup;
			children = (
				E6F8A8CE1E7EB50500FA15E6 /* Controller */,
				E6F8A8CF1E7EB50500FA15E6 /* Model */,
				E6F8A8D01E7EB50500FA15E6 /* View */,
			);
			path = Classes;
			sourceTree = "<group>";
		};
		E6F8A8CE1E7EB50500FA15E6 /* Controller */ = {
			isa = PBXGroup;
			children = (
				E6470ED91E7FD42800F14B26 /* demoController.swift */,
			);
			path = Controller;
			sourceTree = "<group>";
		};
		E6F8A8CF1E7EB50500FA15E6 /* Model */ = {
			isa = PBXGroup;
			children = (
			);
			path = Model;
			sourceTree = "<group>";
		};
		E6F8A8D01E7EB50500FA15E6 /* View */ = {
			isa = PBXGroup;
			children = (
			);
			path = View;
			sourceTree = "<group>";
		};
		E6F8A8D11E7EB51400FA15E6 /* tools */ = {
			isa = PBXGroup;
			children = (
				E6F8A8D21E7EB5B600FA15E6 /* TrackingHelper.swift */,
				E6F8A8D41E7EB82000FA15E6 /* SpeechHelper.swift */,
			);
			path = tools;
			sourceTree = "<group>";
		};
		E6FE17B61E7BF359006705EE = {
			isa = PBXGroup;
			children = (
				E6FE17C11E7BF359006705EE /* hiMen */,
				E6FE17C01E7BF359006705EE /* Products */,
				E6FE17DB1E7BF607006705EE /* Frameworks */,
			);
			sourceTree = "<group>";
		};
		E6FE17C01E7BF359006705EE /* Products */ = {
			isa = PBXGroup;
			children = (
				E6FE17BF1E7BF359006705EE /* hiMen.app */,
			);
			name = Products;
			sourceTree = "<group>";
		};
		E6FE17C11E7BF359006705EE /* hiMen */ = {
			isa = PBXGroup;
			children = (
				E6F8A8D11E7EB51400FA15E6 /* tools */,
				E6F8A8CD1E7EB50500FA15E6 /* Classes */,
				E6FE17D71E7BF5CB006705EE /* lib */,
				E6FE17C21E7BF359006705EE /* AppDelegate.swift */,
				E6FE17C91E7BF359006705EE /* Assets.xcassets */,
				E6FE17CB1E7BF359006705EE /* LaunchScreen.storyboard */,
				E6FE17CE1E7BF359006705EE /* Info.plist */,
				E6FE17E51E7BF6CC006705EE /* hiMen-Bridging-Header.h */,
			);
			path = hiMen;
			sourceTree = "<group>";
		};
		E6FE17D71E7BF5CB006705EE /* lib */ = {
			isa = PBXGroup;
			children = (
				E6F270251E7D915800127FD7 /* iflyMSC.framework */,
				E6FE17D81E7BF5CB006705EE /* IFlyFlowerCollector.h */,
				E6FE17D91E7BF5CB006705EE /* libSunFlower.a */,
			);
			path = lib;
			sourceTree = "<group>";
		};
		E6FE17DB1E7BF607006705EE /* Frameworks */ = {
			isa = PBXGroup;
			children = (
				E6F270351E7D93ED00127FD7 /* CoreGraphics.framework */,
				E6F270331E7D93DB00127FD7 /* Foundation.framework */,
				E6F270311E7D93CB00127FD7 /* UIKit.framework */,
				E6F2702F1E7D93BD00127FD7 /* QuartzCore.framework */,
				E6F2702D1E7D93A000127FD7 /* AudioToolbox.framework */,
				E6F2702B1E7D938D00127FD7 /* AddressBook.framework */,
				E6F270291E7D937B00127FD7 /* AVFoundation.framework */,
				E6F270271E7D935E00127FD7 /* Contacts.framework */,
				E6F2701E1E7D8CA700127FD7 /* libc++.tbd */,
				E6F2701C1E7D8C6800127FD7 /* iflyMSC.framework */,
				E6F2701A1E7D75C100127FD7 /* libz.tbd */,
				E6FE17E61E7BFC30006705EE /* libz.1.2.8.tbd */,
				E6FE17E31E7BF655006705EE /* SystemConfiguration.framework */,
				E6FE17E01E7BF628006705EE /* libz.1.2.5.tbd */,
				E6FE17DE1E7BF615006705EE /* CoreLocation.framework */,
				E6FE17DC1E7BF607006705EE /* CoreTelephony.framework */,
			);
			name = Frameworks;
			sourceTree = "<group>";
		};
/* End PBXGroup section */

/* Begin PBXNativeTarget section */
		E6FE17BE1E7BF359006705EE /* hiMen */ = {
			isa = PBXNativeTarget;
			buildConfigurationList = E6FE17D11E7BF359006705EE /* Build configuration list for PBXNativeTarget "hiMen" */;
			buildPhases = (
				E6FE17BB1E7BF359006705EE /* Sources */,
				E6FE17BC1E7BF359006705EE /* Frameworks */,
				E6FE17BD1E7BF359006705EE /* Resources */,
			);
			buildRules = (
			);
			dependencies = (
			);
			name = hiMen;
			productName = hiMen;
			productReference = E6FE17BF1E7BF359006705EE /* hiMen.app */;
			productType = "com.apple.product-type.application";
		};
/* End PBXNativeTarget section */

/* Begin PBXProject section */
		E6FE17B71E7BF359006705EE /* Project object */ = {
			isa = PBXProject;
			attributes = {
				LastSwiftUpdateCheck = 0820;
				LastUpgradeCheck = 0820;
				ORGANIZATIONNAME = "盖特";
				TargetAttributes = {
					E6FE17BE1E7BF359006705EE = {
						CreatedOnToolsVersion = 8.2.1;
						DevelopmentTeam = N3S97NLHPV;
						ProvisioningStyle = Automatic;
					};
				};
			};
			buildConfigurationList = E6FE17BA1E7BF359006705EE /* Build configuration list for PBXProject "hiMen" */;
			compatibilityVersion = "Xcode 3.2";
			developmentRegion = English;
			hasScannedForEncodings = 0;
			knownRegions = (
				en,
				Base,
			);
			mainGroup = E6FE17B61E7BF359006705EE;
			productRefGroup = E6FE17C01E7BF359006705EE /* Products */;
			projectDirPath = "";
			projectRoot = "";
			targets = (
				E6FE17BE1E7BF359006705EE /* hiMen */,
			);
		};
/* End PBXProject section */

/* Begin PBXResourcesBuildPhase section */
		E6FE17BD1E7BF359006705EE /* Resources */ = {
			isa = PBXResourcesBuildPhase;
			buildActionMask = 2147483647;
			files = (
				E6FE17CD1E7BF359006705EE /* LaunchScreen.storyboard in Resources */,
				E6FE17CA1E7BF359006705EE /* Assets.xcassets in Resources */,
			);
			runOnlyForDeploymentPostprocessing = 0;
		};
/* End PBXResourcesBuildPhase section */

/* Begin PBXSourcesBuildPhase section */
		E6FE17BB1E7BF359006705EE /* Sources */ = {
			isa = PBXSourcesBuildPhase;
			buildActionMask = 2147483647;
			files = (
				E6F8A8D51E7EB82000FA15E6 /* SpeechHelper.swift in Sources */,
				E6F8A8D31E7EB5B600FA15E6 /* TrackingHelper.swift in Sources */,
				E6470EDA1E7FD42800F14B26 /* demoController.swift in Sources */,
				E6FE17C31E7BF359006705EE /* AppDelegate.swift in Sources */,
			);
			runOnlyForDeploymentPostprocessing = 0;
		};
/* End PBXSourcesBuildPhase section */

/* Begin PBXVariantGroup section */
		E6FE17CB1E7BF359006705EE /* LaunchScreen.storyboard */ = {
			isa = PBXVariantGroup;
			children = (
				E6FE17CC1E7BF359006705EE /* Base */,
			);
			name = LaunchScreen.storyboard;
			sourceTree = "<group>";
		};
/* End PBXVariantGroup section */

/* Begin XCBuildConfiguration section */
		E6FE17CF1E7BF359006705EE /* Debug */ = {
			isa = XCBuildConfiguration;
			buildSettings = {
				ALWAYS_SEARCH_USER_PATHS = NO;
				CLANG_ANALYZER_NONNULL = YES;
				CLANG_CXX_LANGUAGE_STANDARD = "gnu++0x";
				CLANG_CXX_LIBRARY = "libc++";
				CLANG_ENABLE_MODULES = YES;
				CLANG_ENABLE_OBJC_ARC = YES;
				CLANG_WARN_BOOL_CONVERSION = YES;
				CLANG_WARN_CONSTANT_CONVERSION = YES;
				CLANG_WARN_DIRECT_OBJC_ISA_USAGE = YES_ERROR;
				CLANG_WARN_DOCUMENTATION_COMMENTS = YES;
				CLANG_WARN_EMPTY_BODY = YES;
				CLANG_WARN_ENUM_CONVERSION = YES;
				CLANG_WARN_INFINITE_RECURSION = YES;
				CLANG_WARN_INT_CONVERSION = YES;
				CLANG_WARN_OBJC_ROOT_CLASS = YES_ERROR;
				CLANG_WARN_SUSPICIOUS_MOVE = YES;
				CLANG_WARN_UNREACHABLE_CODE = YES;
				CLANG_WARN__DUPLICATE_METHOD_MATCH = YES;
				"CODE_SIGN_IDENTITY[sdk=iphoneos*]" = "iPhone Developer";
				COPY_PHASE_STRIP = NO;
				DEBUG_INFORMATION_FORMAT = dwarf;
				ENABLE_STRICT_OBJC_MSGSEND = YES;
				ENABLE_TESTABILITY = YES;
				GCC_C_LANGUAGE_STANDARD = gnu99;
				GCC_DYNAMIC_NO_PIC = NO;
				GCC_NO_COMMON_BLOCKS = YES;
				GCC_OPTIMIZATION_LEVEL = 0;
				GCC_PREPROCESSOR_DEFINITIONS = (
					"DEBUG=1",
					"$(inherited)",
				);
				GCC_WARN_64_TO_32_BIT_CONVERSION = YES;
				GCC_WARN_ABOUT_RETURN_TYPE = YES_ERROR;
				GCC_WARN_UNDECLARED_SELECTOR = YES;
				GCC_WARN_UNINITIALIZED_AUTOS = YES_AGGRESSIVE;
				GCC_WARN_UNUSED_FUNCTION = YES;
				GCC_WARN_UNUSED_VARIABLE = YES;
				IPHONEOS_DEPLOYMENT_TARGET = 9.0;
				MTL_ENABLE_DEBUG_INFO = YES;
				ONLY_ACTIVE_ARCH = YES;
				SDKROOT = iphoneos;
				SWIFT_ACTIVE_COMPILATION_CONDITIONS = DEBUG;
				SWIFT_OBJC_BRIDGING_HEADER = "";
				SWIFT_OPTIMIZATION_LEVEL = "-Onone";
				TARGETED_DEVICE_FAMILY = "1,2";
			};
			name = Debug;
		};
		E6FE17D01E7BF359006705EE /* Release */ = {
			isa = XCBuildConfiguration;
			buildSettings = {
				ALWAYS_SEARCH_USER_PATHS = NO;
				CLANG_ANALYZER_NONNULL = YES;
				CLANG_CXX_LANGUAGE_STANDARD = "gnu++0x";
				CLANG_CXX_LIBRARY = "libc++";
				CLANG_ENABLE_MODULES = YES;
				CLANG_ENABLE_OBJC_ARC = YES;
				CLANG_WARN_BOOL_CONVERSION = YES;
				CLANG_WARN_CONSTANT_CONVERSION = YES;
				CLANG_WARN_DIRECT_OBJC_ISA_USAGE = YES_ERROR;
				CLANG_WARN_DOCUMENTATION_COMMENTS = YES;
				CLANG_WARN_EMPTY_BODY = YES;
				CLANG_WARN_ENUM_CONVERSION = YES;
				CLANG_WARN_INFINITE_RECURSION = YES;
				CLANG_WARN_INT_CONVERSION = YES;
				CLANG_WARN_OBJC_ROOT_CLASS = YES_ERROR;
				CLANG_WARN_SUSPICIOUS_MOVE = YES;
				CLANG_WARN_UNREACHABLE_CODE = YES;
				CLANG_WARN__DUPLICATE_METHOD_MATCH = YES;
				"CODE_SIGN_IDENTITY[sdk=iphoneos*]" = "iPhone Developer";
				COPY_PHASE_STRIP = NO;
				DEBUG_INFORMATION_FORMAT = "dwarf-with-dsym";
				ENABLE_NS_ASSERTIONS = NO;
				ENABLE_STRICT_OBJC_MSGSEND = YES;
				GCC_C_LANGUAGE_STANDARD = gnu99;
				GCC_NO_COMMON_BLOCKS = YES;
				GCC_WARN_64_TO_32_BIT_CONVERSION = YES;
				GCC_WARN_ABOUT_RETURN_TYPE = YES_ERROR;
				GCC_WARN_UNDECLARED_SELECTOR = YES;
				GCC_WARN_UNINITIALIZED_AUTOS = YES_AGGRESSIVE;
				GCC_WARN_UNUSED_FUNCTION = YES;
				GCC_WARN_UNUSED_VARIABLE = YES;
				IPHONEOS_DEPLOYMENT_TARGET = 9.0;
				MTL_ENABLE_DEBUG_INFO = NO;
				SDKROOT = iphoneos;
				SWIFT_OBJC_BRIDGING_HEADER = "";
				SWIFT_OPTIMIZATION_LEVEL = "-Owholemodule";
				TARGETED_DEVICE_FAMILY = "1,2";
				VALIDATE_PRODUCT = YES;
			};
			name = Release;
		};
		E6FE17D21E7BF359006705EE /* Debug */ = {
			isa = XCBuildConfiguration;
			buildSettings = {
				ASSETCATALOG_COMPILER_APPICON_NAME = AppIcon;
				DEVELOPMENT_TEAM = N3S97NLHPV;
				ENABLE_BITCODE = NO;
				FRAMEWORK_SEARCH_PATHS = "$(PROJECT_DIR)/hiMen/lib";
				INFOPLIST_FILE = hiMen/Info.plist;
				IPHONEOS_DEPLOYMENT_TARGET = 9.0;
				LD_RUNPATH_SEARCH_PATHS = "$(inherited) @executable_path/Frameworks";
				LIBRARY_SEARCH_PATHS = (
					"$(inherited)",
					"$(PROJECT_DIR)/hiMen",
					"$(PROJECT_DIR)/hiMen/lib",
				);
				PRODUCT_BUNDLE_IDENTIFIER = whong7.cn;
				PRODUCT_NAME = "$(TARGET_NAME)";
				SWIFT_OBJC_BRIDGING_HEADER = "$(SRCROOT)/hiMen/hiMen-Bridging-Header.h";
				SWIFT_VERSION = 3.0;
			};
			name = Debug;
		};
		E6FE17D31E7BF359006705EE /* Release */ = {
			isa = XCBuildConfiguration;
			buildSettings = {
				ASSETCATALOG_COMPILER_APPICON_NAME = AppIcon;
				DEVELOPMENT_TEAM = N3S97NLHPV;
				ENABLE_BITCODE = NO;
				FRAMEWORK_SEARCH_PATHS = "$(PROJECT_DIR)/hiMen/lib";
				INFOPLIST_FILE = hiMen/Info.plist;
				IPHONEOS_DEPLOYMENT_TARGET = 9.0;
				LD_RUNPATH_SEARCH_PATHS = "$(inherited) @executable_path/Frameworks";
				LIBRARY_SEARCH_PATHS = (
					"$(inherited)",
					"$(PROJECT_DIR)/hiMen",
					"$(PROJECT_DIR)/hiMen/lib",
				);
				PRODUCT_BUNDLE_IDENTIFIER = whong7.cn;
				PRODUCT_NAME = "$(TARGET_NAME)";
				SWIFT_OBJC_BRIDGING_HEADER = "$(SRCROOT)/hiMen/hiMen-Bridging-Header.h";
				SWIFT_VERSION = 3.0;
			};
			name = Release;
		};
/* End XCBuildConfiguration section */

/* Begin XCConfigurationList section */
		E6FE17BA1E7BF359006705EE /* Build configuration list for PBXProject "hiMen" */ = {
			isa = XCConfigurationList;
			buildConfigurations = (
				E6FE17CF1E7BF359006705EE /* Debug */,
				E6FE17D01E7BF359006705EE /* Release */,
			);
			defaultConfigurationIsVisible = 0;
			defaultConfigurationName = Release;
		};
		E6FE17D11E7BF359006705EE /* Build configuration list for PBXNativeTarget "hiMen" */ = {
			isa = XCConfigurationList;
			buildConfigurations = (
				E6FE17D21E7BF359006705EE /* Debug */,
				E6FE17D31E7BF359006705EE /* Release */,
			);
			defaultConfigurationIsVisible = 0;
			defaultConfigurationName = Release;
		};
/* End XCConfigurationList section */
	};
	rootObject = E6FE17B71E7BF359006705EE /* Project object */;
}
